Microsoft Visual Studio Solution File, Format Version 12.00
# Visual Studio Version 17
VisualStudioVersion = 17.5.2.0
MinimumVisualStudioVersion = 10.0.40219.1
Project("{FAE04EC0-301F-11D3-BF4B-00C04F79EFBC}") = "VsixTreeViewer", "VsixTreeViewer.csproj", "{B96D5062-BC17-022A-6996-DB394D9D0771}"
EndProject
Global
	GlobalSection(SolutionConfigurationPlatforms) = preSolution
		Debug|Any CPU = Debug|Any CPU
		Release|Any CPU = Release|Any CPU
	EndGlobalSection
	GlobalSection(ProjectConfigurationPlatforms) = postSolution
		{B96D5062-BC17-022A-6996-DB394D9D0771}.Debug|Any CPU.ActiveCfg = Debug|Any CPU
		{B96D5062-BC17-022A-6996-DB394D9D0771}.Debug|Any CPU.Build.0 = Debug|Any CPU
		{B96D5062-BC17-022A-6996-DB394D9D0771}.Release|Any CPU.ActiveCfg = Release|Any CPU
		{B96D5062-BC17-022A-6996-DB394D9D0771}.Release|Any CPU.Build.0 = Release|Any CPU
	EndGlobalSection
	GlobalSection(SolutionProperties) = preSolution
		HideSolutionNode = FALSE
	EndGlobalSection
	GlobalSection(ExtensibilityGlobals) = postSolution
		SolutionGuid = {D58D16D8-635B-4E31-9DFE-C81D09E5B573}
	EndGlobalSection
EndGlobal
